// !$*UTF8*$!
{
	archiveVersion = 1;
	classes = {
	};
	objectVersion = 50;
	objects = {

/* Begin PBXBuildFile section */
		384B48AF2522047400BCE679 /* AppDelegate.swift in Sources */ = {isa = PBXBuildFile; fileRef = 384B48AE2522047400BCE679 /* AppDelegate.swift */; };
		384B48B12522047400BCE679 /* SceneDelegate.swift in Sources */ = {isa = PBXBuildFile; fileRef = 384B48B02522047400BCE679 /* SceneDelegate.swift */; };
		384B48B32522047400BCE679 /* ViewController.swift in Sources */ = {isa = PBXBuildFile; fileRef = 384B48B22522047400BCE679 /* ViewController.swift */; };
		384B48B62522047400BCE679 /* Main.storyboard in Resources */ = {isa = PBXBuildFile; fileRef = 384B48B42522047400BCE679 /* Main.storyboard */; };
		384B48B82522047700BCE679 /* Assets.xcassets in Resources */ = {isa = PBXBuildFile; fileRef = 384B48B72522047700BCE679 /* Assets.xcassets */; };
		384B48BB2522047700BCE679 /* LaunchScreen.storyboard in Resources */ = {isa = PBXBuildFile; fileRef = 384B48B92522047700BCE679 /* LaunchScreen.storyboard */; };
		384B48C62522047700BCE679 /* flixterTests.swift in Sources */ = {isa = PBXBuildFile; fileRef = 384B48C52522047700BCE679 /* flixterTests.swift */; };
		384B48D12522047700BCE679 /* flixterUITests.swift in Sources */ = {isa = PBXBuildFile; fileRef = 384B48D02522047700BCE679 /* flixterUITests.swift */; };
/* End PBXBuildFile section */

/* Begin PBXContainerItemProxy section */
		384B48C22522047700BCE679 /* PBXContainerItemProxy */ = {
			isa = PBXContainerItemProxy;
			containerPortal = 384B48A32522047400BCE679 /* Project object */;
			proxyType = 1;
			remoteGlobalIDString = 384B48AA2522047400BCE679;
			remoteInfo = flixter;
		};
		384B48CD2522047700BCE679 /* PBXContainerItemProxy */ = {
			isa = PBXContainerItemProxy;
			containerPortal = 384B48A32522047400BCE679 /* Project object */;
			proxyType = 1;
			remoteGlobalIDString = 384B48AA2522047400BCE679;
			remoteInfo = flixter;
		};
/* End PBXContainerItemProxy section */

/* Begin PBXFileReference section */
		384B48AB2522047400BCE679 /* flixter.app */ = {isa = PBXFileReference; explicitFileType = wrapper.application; includeInIndex = 0; path = flixter.app; sourceTree = BUILT_PRODUCTS_DIR; };
		384B48AE2522047400BCE679 /* AppDelegate.swift */ = {isa = PBXFileReference; lastKnownFileType = sourcecode.swift; path = AppDelegate.swift; sourceTree = "<group>"; };
		384B48B02522047400BCE679 /* SceneDelegate.swift */ = {isa = PBXFileReference; lastKnownFileType = sourcecode.swift; path = SceneDelegate.swift; sourceTree = "<group>"; };
		384B48B22522047400BCE679 /* ViewController.swift */ = {isa = PBXFileReference; lastKnownFileType = sourcecode.swift; path = ViewController.swift; sourceTree = "<group>"; };
		384B48B52522047400BCE679 /* Base */ = {isa = PBXFileReference; lastKnownFileType = file.storyboard; name = Base; path = Base.lproj/Main.storyboard; sourceTree = "<group>"; };
		384B48B72522047700BCE679 /* Assets.xcassets */ = {isa = PBXFileReference; lastKnownFileType = folder.assetcatalog; path = Assets.xcassets; sourceTree = "<group>"; };
		384B48BA2522047700BCE679 /* Base */ = {isa = PBXFileReference; lastKnownFileType = file.storyboard; name = Base; path = Base.lproj/LaunchScreen.storyboard; sourceTree = "<group>"; };
		384B48BC2522047700BCE679 /* Info.plist */ = {isa = PBXFileReference; lastKnownFileType = text.plist.xml; path = Info.plist; sourceTree = "<group>"; };
		384B48C12522047700BCE679 /* flixterTests.xctest */ = {isa = PBXFileReference; explicitFileType = wrapper.cfbundle; includeInIndex = 0; path = flixterTests.xctest; sourceTree = BUILT_PRODUCTS_DIR; };
		384B48C52522047700BCE679 /* flixterTests.swift */ = {isa = PBXFileReference; lastKnownFileType = sourcecode.swift; path = flixterTests.swift; sourceTree = "<group>"; };
		384B48C72522047700BCE679 /* Info.plist */ = {isa = PBXFileReference; lastKnownFileType = text.plist.xml; path = Info.plist; sourceTree = "<group>"; };
		384B48CC2522047700BCE679 /* flixterUITests.xctest */ = {isa = PBXFileReference; explicitFileType = wrapper.cfbundle; includeInIndex = 0; path = flixterUITests.xctest; sourceTree = BUILT_PRODUCTS_DIR; };
		384B48D02522047700BCE679 /* flixterUITests.swift */ = {isa = PBXFileReference; lastKnownFileType = sourcecode.swift; path = flixterUITests.swift; sourceTree = "<group>"; };
		384B48D22522047700BCE679 /* Info.plist */ = {isa = PBXFileReference; lastKnownFileType = text.plist.xml; path = Info.plist; sourceTree = "<group>"; };
/* End PBXFileReference section */

/* Begin PBXFrameworksBuildPhase section */
		384B48A82522047400BCE679 /* Frameworks */ = {
			isa = PBXFrameworksBuildPhase;
			buildActionMask = 2147483647;
			files = (
			);
			runOnlyForDeploymentPostprocessing = 0;
		};
		384B48BE2522047700BCE679 /* Frameworks */ = {
			isa = PBXFrameworksBuildPhase;
			buildActionMask = 2147483647;
			files = (
			);
			runOnlyForDeploymentPostprocessing = 0;
		};
		384B48C92522047700BCE679 /* Frameworks */ = {
			isa = PBXFrameworksBuildPhase;
			buildActionMask = 2147483647;
			files = (
			);
			runOnlyForDeploymentPostprocessing = 0;
		};
/* End PBXFrameworksBuildPhase section */

/* Begin PBXGroup section */
		384B48A22522047400BCE679 = {
			isa = PBXGroup;
			children = (
				384B48AD2522047400BCE679 /* flixter */,
				384B48C42522047700BCE679 /* flixterTests */,
				384B48CF2522047700BCE679 /* flixterUITests */,
				384B48AC2522047400BCE679 /* Products */,
			);
			sourceTree = "<group>";
		};
		384B48AC2522047400BCE679 /* Products */ = {
			isa = PBXGroup;
			children = (
				384B48AB2522047400BCE679 /* flixter.app */,
				384B48C12522047700BCE679 /* flixterTests.xctest */,
				384B48CC2522047700BCE679 /* flixterUITests.xctest */,
			);
			name = Products;
			sourceTree = "<group>";
		};
		384B48AD2522047400BCE679 /* flixter */ = {
			isa = PBXGroup;
			children = (
				384B48AE2522047400BCE679 /* AppDelegate.swift */,
				384B48B02522047400BCE679 /* SceneDelegate.swift */,
				384B48B22522047400BCE679 /* ViewController.swift */,
				384B48B42522047400BCE679 /* Main.storyboard */,
				384B48B72522047700BCE679 /* Assets.xcassets */,
				384B48B92522047700BCE679 /* LaunchScreen.storyboard */,
				384B48BC2522047700BCE679 /* Info.plist */,
			);
			path = flixter;
			sourceTree = "<group>";
		};
		384B48C42522047700BCE679 /* flixterTests */ = {
			isa = PBXGroup;
			children = (
				384B48C52522047700BCE679 /* flixterTests.swift */,
				384B48C72522047700BCE679 /* Info.plist */,
			);
			path = flixterTests;
			sourceTree = "<group>";
		};
		384B48CF2522047700BCE679 /* flixterUITests */ = {
			isa = PBXGroup;
			children = (
				384B48D02522047700BCE679 /* flixterUITests.swift */,
				384B48D22522047700BCE679 /* Info.plist */,
			);
			path = flixterUITests;
			sourceTree = "<group>";
		};
/* End PBXGroup section */

/* Begin PBXNativeTarget section */
		384B48AA2522047400BCE679 /* flixter */ = {
			isa = PBXNativeTarget;
			buildConfigurationList = 384B48D52522047700BCE679 /* Build configuration list for PBXNativeTarget "flixter" */;
			buildPhases = (
				384B48A72522047400BCE679 /* Sources */,
				384B48A82522047400BCE679 /* Frameworks */,
				384B48A92522047400BCE679 /* Resources */,
			);
			buildRules = (
			);
			dependencies = (
			);
			name = flixter;
			productName = flixter;
			productReference = 384B48AB2522047400BCE679 /* flixter.app */;
			productType = "com.apple.product-type.application";
		};
		384B48C02522047700BCE679 /* flixterTests */ = {
			isa = PBXNativeTarget;
			buildConfigurationList = 384B48D82522047700BCE679 /* Build configuration list for PBXNativeTarget "flixterTests" */;
			buildPhases = (
				384B48BD2522047700BCE679 /* Sources */,
				384B48BE2522047700BCE679 /* Frameworks */,
				384B48BF2522047700BCE679 /* Resources */,
			);
			buildRules = (
			);
			dependencies = (
				384B48C32522047700BCE679 /* PBXTargetDependency */,
			);
			name = flixterTests;
			productName = flixterTests;
			productReference = 384B48C12522047700BCE679 /* flixterTests.xctest */;
			productType = "com.apple.product-type.bundle.unit-test";
		};
		384B48CB2522047700BCE679 /* flixterUITests */ = {
			isa = PBXNativeTarget;
			buildConfigurationList = 384B48DB2522047700BCE679 /* Build configuration list for PBXNativeTarget "flixterUITests" */;
			buildPhases = (
				384B48C82522047700BCE679 /* Sources */,
				384B48C92522047700BCE679 /* Frameworks */,
				384B48CA2522047700BCE679 /* Resources */,
			);
			buildRules = (
			);
			dependencies = (
				384B48CE2522047700BCE679 /* PBXTargetDependency */,
			);
			name = flixterUITests;
			productName = flixterUITests;
			productReference = 384B48CC2522047700BCE679 /* flixterUITests.xctest */;
			productType = "com.apple.product-type.bundle.ui-testing";
		};
/* End PBXNativeTarget section */

/* Begin PBXProject section */
		384B48A32522047400BCE679 /* Project object */ = {
			isa = PBXProject;
			attributes = {
				LastSwiftUpdateCheck = 1200;
				LastUpgradeCheck = 1200;
				TargetAttributes = {
					384B48AA2522047400BCE679 = {
						CreatedOnToolsVersion = 12.0.1;
					};
					384B48C02522047700BCE679 = {
						CreatedOnToolsVersion = 12.0.1;
						TestTargetID = 384B48AA2522047400BCE679;
					};
					384B48CB2522047700BCE679 = {
						CreatedOnToolsVersion = 12.0.1;
						TestTargetID = 384B48AA2522047400BCE679;
					};
				};
			};
			buildConfigurationList = 384B48A62522047400BCE679 /* Build configuration list for PBXProject "flixter" */;
			compatibilityVersion = "Xcode 9.3";
			developmentRegion = en;
			hasScannedForEncodings = 0;
			knownRegions = (
				en,
				Base,
			);
			mainGroup = 384B48A22522047400BCE679;
			productRefGroup = 384B48AC2522047400BCE679 /* Products */;
			projectDirPath = "";
			projectRoot = "";
			targets = (
				384B48AA2522047400BCE679 /* flixter */,
				384B48C02522047700BCE679 /* flixterTests */,
				384B48CB2522047700BCE679 /* flixterUITests */,
			);
		};
/* End PBXProject section */

/* Begin PBXResourcesBuildPhase section */
		384B48A92522047400BCE679 /* Resources */ = {
			isa = PBXResourcesBuildPhase;
			buildActionMask = 2147483647;
			files = (
				384B48BB2522047700BCE679 /* LaunchScreen.storyboard in Resources */,
				384B48B82522047700BCE679 /* Assets.xcassets in Resources */,
				384B48B62522047400BCE679 /* Main.storyboard in Resources */,
			);
			runOnlyForDeploymentPostprocessing = 0;
		};
		384B48BF2522047700BCE679 /* Resources */ = {
			isa = PBXResourcesBuildPhase;
			buildActionMask = 2147483647;
			files = (
			);
			runOnlyForDeploymentPostprocessing = 0;
		};
		384B48CA2522047700BCE679 /* Resources */ = {
			isa = PBXResourcesBuildPhase;
			buildActionMask = 2147483647;
			files = (
			);
			runOnlyForDeploymentPostprocessing = 0;
		};
/* End PBXResourcesBuildPhase section */

/* Begin PBXSourcesBuildPhase section */
		384B48A72522047400BCE679 /* Sources */ = {
			isa = PBXSourcesBuildPhase;
			buildActionMask = 2147483647;
			files = (
				384B48B32522047400BCE679 /* ViewController.swift in Sources */,
				384B48AF2522047400BCE679 /* AppDelegate.swift in Sources */,
				384B48B12522047400BCE679 /* SceneDelegate.swift in Sources */,
			);
			runOnlyForDeploymentPostprocessing = 0;
		};
		384B48BD2522047700BCE679 /* Sources */ = {
			isa = PBXSourcesBuildPhase;
			buildActionMask = 2147483647;
			files = (
				384B48C62522047700BCE679 /* flixterTests.swift in Sources */,
			);
			runOnlyForDeploymentPostprocessing = 0;
		};
		384B48C82522047700BCE679 /* Sources */ = {
			isa = PBXSourcesBuildPhase;
			buildActionMask = 2147483647;
			files = (
				384B48D12522047700BCE679 /* flixterUITests.swift in Sources */,
			);
			runOnlyForDeploymentPostprocessing = 0;
		};
/* End PBXSourcesBuildPhase section */

/* Begin PBXTargetDependency section */
		384B48C32522047700BCE679 /* PBXTargetDependency */ = {
			isa = PBXTargetDependency;
			target = 384B48AA2522047400BCE679 /* flixter */;
			targetProxy = 384B48C22522047700BCE679 /* PBXContainerItemProxy */;
		};
		384B48CE2522047700BCE679 /* PBXTargetDependency */ = {
			isa = PBXTargetDependency;
			target = 384B48AA2522047400BCE679 /* flixter */;
			targetProxy = 384B48CD2522047700BCE679 /* PBXContainerItemProxy */;
		};
/* End PBXTargetDependency section */

/* Begin PBXVariantGroup section */
		384B48B42522047400BCE679 /* Main.storyboard */ = {
			isa = PBXVariantGroup;
			children = (
				384B48B52522047400BCE679 /* Base */,
			);
			name = Main.storyboard;
			sourceTree = "<group>";
		};
		384B48B92522047700BCE679 /* LaunchScreen.storyboard */ = {
			isa = PBXVariantGroup;
			children = (
				384B48BA2522047700BCE679 /* Base */,
			);
			name = LaunchScreen.storyboard;
			sourceTree = "<group>";
		};
/* End PBXVariantGroup section */

/* Begin XCBuildConfiguration section */
		384B48D32522047700BCE679 /* Debug */ = {
			isa = XCBuildConfiguration;
			buildSettings = {
				ALWAYS_SEARCH_USER_PATHS = NO;
				CLANG_ANALYZER_NONNULL = YES;
				CLANG_ANALYZER_NUMBER_OBJECT_CONVERSION = YES_AGGRESSIVE;
				CLANG_CXX_LANGUAGE_STANDARD = "gnu++14";
				CLANG_CXX_LIBRARY = "libc++";
				CLANG_ENABLE_MODULES = YES;
				CLANG_ENABLE_OBJC_ARC = YES;
				CLANG_ENABLE_OBJC_WEAK = YES;
				CLANG_WARN_BLOCK_CAPTURE_AUTORELEASING = YES;
				CLANG_WARN_BOOL_CONVERSION = YES;
				CLANG_WARN_COMMA = YES;
				CLANG_WARN_CONSTANT_CONVERSION = YES;
				CLANG_WARN_DEPRECATED_OBJC_IMPLEMENTATIONS = YES;
				CLANG_WARN_DIRECT_OBJC_ISA_USAGE = YES_ERROR;
				CLANG_WARN_DOCUMENTATION_COMMENTS = YES;
				CLANG_WARN_EMPTY_BODY = YES;
				CLANG_WARN_ENUM_CONVERSION = YES;
				CLANG_WARN_INFINITE_RECURSION = YES;
				CLANG_WARN_INT_CONVERSION = YES;
				CLANG_WARN_NON_LITERAL_NULL_CONVERSION = YES;
				CLANG_WARN_OBJC_IMPLICIT_RETAIN_SELF = YES;
				CLANG_WARN_OBJC_LITERAL_CONVERSION = YES;
				CLANG_WARN_OBJC_ROOT_CLASS = YES_ERROR;
				CLANG_WARN_QUOTED_INCLUDE_IN_FRAMEWORK_HEADER = YES;
				CLANG_WARN_RANGE_LOOP_ANALYSIS = YES;
				CLANG_WARN_STRICT_PROTOTYPES = YES;
				CLANG_WARN_SUSPICIOUS_MOVE = YES;
				CLANG_WARN_UNGUARDED_AVAILABILITY = YES_AGGRESSIVE;
				CLANG_WARN_UNREACHABLE_CODE = YES;
				CLANG_WARN__DUPLICATE_METHOD_MATCH = YES;
				COPY_PHASE_STRIP = NO;
				DEBUG_INFORMATION_FORMAT = dwarf;
				ENABLE_STRICT_OBJC_MSGSEND = YES;
				ENABLE_TESTABILITY = YES;
				GCC_C_LANGUAGE_STANDARD = gnu11;
				GCC_DYNAMIC_NO_PIC = NO;
				GCC_NO_COMMON_BLOCKS = YES;
				GCC_OPTIMIZATION_LEVEL = 0;
				GCC_PREPROCESSOR_DEFINITIONS = (
					"DEBUG=1",
					"$(inherited)",
				);
				GCC_WARN_64_TO_32_BIT_CONVERSION = YES;
				GCC_WARN_ABOUT_RETURN_TYPE = YES_ERROR;
				GCC_WARN_UNDECLARED_SELECTOR = YES;
				GCC_WARN_UNINITIALIZED_AUTOS = YES_AGGRESSIVE;
				GCC_WARN_UNUSED_FUNCTION = YES;
				GCC_WARN_UNUSED_VARIABLE = YES;
				IPHONEOS_DEPLOYMENT_TARGET = 14.0;
				MTL_ENABLE_DEBUG_INFO = INCLUDE_SOURCE;
				MTL_FAST_MATH = YES;
				ONLY_ACTIVE_ARCH = YES;
				SDKROOT = iphoneos;
				SWIFT_ACTIVE_COMPILATION_CONDITIONS = DEBUG;
				SWIFT_OPTIMIZATION_LEVEL = "-Onone";
			};
			name = Debug;
		};
		384B48D42522047700BCE679 /* Release */ = {
			isa = XCBuildConfiguration;
			buildSettings = {
				ALWAYS_SEARCH_USER_PATHS = NO;
				CLANG_ANALYZER_NONNULL = YES;
				CLANG_ANALYZER_NUMBER_OBJECT_CONVERSION = YES_AGGRESSIVE;
				CLANG_CXX_LANGUAGE_STANDARD = "gnu++14";
				CLANG_CXX_LIBRARY = "libc++";
				CLANG_ENABLE_MODULES = YES;
				CLANG_ENABLE_OBJC_ARC = YES;
				CLANG_ENABLE_OBJC_WEAK = YES;
				CLANG_WARN_BLOCK_CAPTURE_AUTORELEASING = YES;
				CLANG_WARN_BOOL_CONVERSION = YES;
				CLANG_WARN_COMMA = YES;
				CLANG_WARN_CONSTANT_CONVERSION = YES;
				CLANG_WARN_DEPRECATED_OBJC_IMPLEMENTATIONS = YES;
				CLANG_WARN_DIRECT_OBJC_ISA_USAGE = YES_ERROR;
				CLANG_WARN_DOCUMENTATION_COMMENTS = YES;
				CLANG_WARN_EMPTY_BODY = YES;
				CLANG_WARN_ENUM_CONVERSION = YES;
				CLANG_WARN_INFINITE_RECURSION = YES;
				CLANG_WARN_INT_CONVERSION = YES;
				CLANG_WARN_NON_LITERAL_NULL_CONVERSION = YES;
				CLANG_WARN_OBJC_IMPLICIT_RETAIN_SELF = YES;
				CLANG_WARN_OBJC_LITERAL_CONVERSION = YES;
				CLANG_WARN_OBJC_ROOT_CLASS = YES_ERROR;
				CLANG_WARN_QUOTED_INCLUDE_IN_FRAMEWORK_HEADER = YES;
				CLANG_WARN_RANGE_LOOP_ANALYSIS = YES;
				CLANG_WARN_STRICT_PROTOTYPES = YES;
				CLANG_WARN_SUSPICIOUS_MOVE = YES;
				CLANG_WARN_UNGUARDED_AVAILABILITY = YES_AGGRESSIVE;
				CLANG_WARN_UNREACHABLE_CODE = YES;
				CLANG_WARN__DUPLICATE_METHOD_MATCH = YES;
				COPY_PHASE_STRIP = NO;
				DEBUG_INFORMATION_FORMAT = "dwarf-with-dsym";
				ENABLE_NS_ASSERTIONS = NO;
				ENABLE_STRICT_OBJC_MSGSEND = YES;
				GCC_C_LANGUAGE_STANDARD = gnu11;
				GCC_NO_COMMON_BLOCKS = YES;
				GCC_WARN_64_TO_32_BIT_CONVERSION = YES;
				GCC_WARN_ABOUT_RETURN_TYPE = YES_ERROR;
				GCC_WARN_UNDECLARED_SELECTOR = YES;
				GCC_WARN_UNINITIALIZED_AUTOS = YES_AGGRESSIVE;
				GCC_WARN_UNUSED_FUNCTION = YES;
				GCC_WARN_UNUSED_VARIABLE = YES;
				IPHONEOS_DEPLOYMENT_TARGET = 14.0;
				MTL_ENABLE_DEBUG_INFO = NO;
				MTL_FAST_MATH = YES;
				SDKROOT = iphoneos;
				SWIFT_COMPILATION_MODE = wholemodule;
				SWIFT_OPTIMIZATION_LEVEL = "-O";
				VALIDATE_PRODUCT = YES;
			};
			name = Release;
		};
		384B48D62522047700BCE679 /* Debug */ = {
			isa = XCBuildConfiguration;
			buildSettings = {
				ASSETCATALOG_COMPILER_APPICON_NAME = AppIcon;
				ASSETCATALOG_COMPILER_GLOBAL_ACCENT_COLOR_NAME = AccentColor;
				CODE_SIGN_STYLE = Automatic;
				DEVELOPMENT_TEAM = GKHVHRG8K6;
				INFOPLIST_FILE = flixter/Info.plist;
				LD_RUNPATH_SEARCH_PATHS = (
					"$(inherited)",
					"@executable_path/Frameworks",
				);
				PRODUCT_BUNDLE_IDENTIFIER = AshGod.flixter;
				PRODUCT_NAME = "$(TARGET_NAME)";
				SWIFT_VERSION = 5.0;
				TARGETED_DEVICE_FAMILY = "1,2";
			};
			name = Debug;
		};
		384B48D72522047700BCE679 /* Release */ = {
			isa = XCBuildConfiguration;
			buildSettings = {
				ASSETCATALOG_COMPILER_APPICON_NAME = AppIcon;
				ASSETCATALOG_COMPILER_GLOBAL_ACCENT_COLOR_NAME = AccentColor;
				CODE_SIGN_STYLE = Automatic;
				DEVELOPMENT_TEAM = GKHVHRG8K6;
				INFOPLIST_FILE = flixter/Info.plist;
				LD_RUNPATH_SEARCH_PATHS = (
					"$(inherited)",
					"@executable_path/Frameworks",
				);
				PRODUCT_BUNDLE_IDENTIFIER = AshGod.flixter;
				PRODUCT_NAME = "$(TARGET_NAME)";
				SWIFT_VERSION = 5.0;
				TARGETED_DEVICE_FAMILY = "1,2";
			};
			name = Release;
		};
		384B48D92522047700BCE679 /* Debug */ = {
			isa = XCBuildConfiguration;
			buildSettings = {
				ALWAYS_EMBED_SWIFT_STANDARD_LIBRARIES = YES;
				BUNDLE_LOADER = "$(TEST_HOST)";
				CODE_SIGN_STYLE = Automatic;
				DEVELOPMENT_TEAM = GKHVHRG8K6;
				INFOPLIST_FILE = flixterTests/Info.plist;
				IPHONEOS_DEPLOYMENT_TARGET = 14.0;
				LD_RUNPATH_SEARCH_PATHS = (
					"$(inherited)",
					"@executable_path/Frameworks",
					"@loader_path/Frameworks",
				);
				PRODUCT_BUNDLE_IDENTIFIER = AshGod.flixterTests;
				PRODUCT_NAME = "$(TARGET_NAME)";
				SWIFT_VERSION = 5.0;
				TARGETED_DEVICE_FAMILY = "1,2";
				TEST_HOST = "$(BUILT_PRODUCTS_DIR)/flixter.app/flixter";
			};
			name = Debug;
		};
		384B48DA2522047700BCE679 /* Release */ = {
			isa = XCBuildConfiguration;
			buildSettings = {
				ALWAYS_EMBED_SWIFT_STANDARD_LIBRARIES = YES;
				BUNDLE_LOADER = "$(TEST_HOST)";
				CODE_SIGN_STYLE = Automatic;
				DEVELOPMENT_TEAM = GKHVHRG8K6;
				INFOPLIST_FILE = flixterTests/Info.plist;
				IPHONEOS_DEPLOYMENT_TARGET = 14.0;
				LD_RUNPATH_SEARCH_PATHS = (
					"$(inherited)",
					"@executable_path/Frameworks",
					"@loader_path/Frameworks",
				);
				PRODUCT_BUNDLE_IDENTIFIER = AshGod.flixterTests;
				PRODUCT_NAME = "$(TARGET_NAME)";
				SWIFT_VERSION = 5.0;
				TARGETED_DEVICE_FAMILY = "1,2";
				TEST_HOST = "$(BUILT_PRODUCTS_DIR)/flixter.app/flixter";
			};
			name = Release;
		};
		384B48DC2522047700BCE679 /* Debug */ = {
			isa = XCBuildConfiguration;
			buildSettings = {
				ALWAYS_EMBED_SWIFT_STANDARD_LIBRARIES = YES;
				CODE_SIGN_STYLE = Automatic;
				DEVELOPMENT_TEAM = GKHVHRG8K6;
				INFOPLIST_FILE = flixterUITests/Info.plist;
				LD_RUNPATH_SEARCH_PATHS = (
					"$(inherited)",
					"@executable_path/Frameworks",
					"@loader_path/Frameworks",
				);
				PRODUCT_BUNDLE_IDENTIFIER = AshGod.flixterUITests;
				PRODUCT_NAME = "$(TARGET_NAME)";
				SWIFT_VERSION = 5.0;
				TARGETED_DEVICE_FAMILY = "1,2";
				TEST_TARGET_NAME = flixter;
			};
			name = Debug;
		};
		384B48DD2522047700BCE679 /* Release */ = {
			isa = XCBuildConfiguration;
			buildSettings = {
				ALWAYS_EMBED_SWIFT_STANDARD_LIBRARIES = YES;
				CODE_SIGN_STYLE = Automatic;
				DEVELOPMENT_TEAM = GKHVHRG8K6;
				INFOPLIST_FILE = flixterUITests/Info.plist;
				LD_RUNPATH_SEARCH_PATHS = (
					"$(inherited)",
					"@executable_path/Frameworks",
					"@loader_path/Frameworks",
				);
				PRODUCT_BUNDLE_IDENTIFIER = AshGod.flixterUITests;
				PRODUCT_NAME = "$(TARGET_NAME)";
				SWIFT_VERSION = 5.0;
				TARGETED_DEVICE_FAMILY = "1,2";
				TEST_TARGET_NAME = flixter;
			};
			name = Release;
		};
/* End XCBuildConfiguration section */

/* Begin XCConfigurationList section */
		384B48A62522047400BCE679 /* Build configuration list for PBXProject "flixter" */ = {
			isa = XCConfigurationList;
			buildConfigurations = (
				384B48D32522047700BCE679 /* Debug */,
				384B48D42522047700BCE679 /* Release */,
			);
			defaultConfigurationIsVisible = 0;
			defaultConfigurationName = Release;
		};
		384B48D52522047700BCE679 /* Build configuration list for PBXNativeTarget "flixter" */ = {
			isa = XCConfigurationList;
			buildConfigurations = (
				384B48D62522047700BCE679 /* Debug */,
				384B48D72522047700BCE679 /* Release */,
			);
			defaultConfigurationIsVisible = 0;
			defaultConfigurationName = Release;
		};
		384B48D82522047700BCE679 /* Build configuration list for PBXNativeTarget "flixterTests" */ = {
			isa = XCConfigurationList;
			buildConfigurations = (
				384B48D92522047700BCE679 /* Debug */,
				384B48DA2522047700BCE679 /* Release */,
			);
			defaultConfigurationIsVisible = 0;
			defaultConfigurationName = Release;
		};
		384B48DB2522047700BCE679 /* Build configuration list for PBXNativeTarget "flixterUITests" */ = {
			isa = XCConfigurationList;
			buildConfigurations = (
				384B48DC2522047700BCE679 /* Debug */,
				384B48DD2522047700BCE679 /* Release */,
			);
			defaultConfigurationIsVisible = 0;
			defaultConfigurationName = Release;
		};
/* End XCConfigurationList section */
	};
	rootObject = 384B48A32522047400BCE679 /* Project object */;
}
